
Microsoft Visual Studio Solution File, Format Version 12.00
# Visual Studio Version 17
VisualStudioVersion = 17.1.32210.238
MinimumVisualStudioVersion = 10.0.40219.1
Project("{FAE04EC0-301F-11D3-BF4B-00C04F79EFBC}") = "ParkingGarageLibrary", "ParkingGarageLibrary\ParkingGarageLibrary.csproj", "{0B5FE094-C240-4436-9952-E667290AC3C2}"
EndProject
Project("{FAE04EC0-301F-11D3-BF4B-00C04F79EFBC}") = "PraugeParking", "PraugeParking\PraugeParking.csproj", "{8CE8A371-9550-46B5-94B0-D489DF38255C}"
EndProject
Global
	GlobalSection(SolutionConfigurationPlatforms) = preSolution
		Debug|Any CPU = Debug|Any CPU
		Release|Any CPU = Release|Any CPU
	EndGlobalSection
	GlobalSection(ProjectConfigurationPlatforms) = postSolution
		{0B5FE094-C240-4436-9952-E667290AC3C2}.Debug|Any CPU.ActiveCfg = Debug|Any CPU
		{0B5FE094-C240-4436-9952-E667290AC3C2}.Debug|Any CPU.Build.0 = Debug|Any CPU
		{0B5FE094-C240-4436-9952-E667290AC3C2}.Release|Any CPU.ActiveCfg = Release|Any CPU
		{0B5FE094-C240-4436-9952-E667290AC3C2}.Release|Any CPU.Build.0 = Release|Any CPU
		{8CE8A371-9550-46B5-94B0-D489DF38255C}.Debug|Any CPU.ActiveCfg = Debug|Any CPU
		{8CE8A371-9550-46B5-94B0-D489DF38255C}.Debug|Any CPU.Build.0 = Debug|Any CPU
		{8CE8A371-9550-46B5-94B0-D489DF38255C}.Release|Any CPU.ActiveCfg = Release|Any CPU
		{8CE8A371-9550-46B5-94B0-D489DF38255C}.Release|Any CPU.Build.0 = Release|Any CPU
	EndGlobalSection
	GlobalSection(SolutionProperties) = preSolution
		HideSolutionNode = FALSE
	EndGlobalSection
	GlobalSection(ExtensibilityGlobals) = postSolution
		SolutionGuid = {62936581-BC9E-4398-987E-FB49A024ACFB}
	EndGlobalSection
EndGlobal
