
Microsoft Visual Studio Solution File, Format Version 12.00
# Visual Studio Version 17
VisualStudioVersion = 17.1.32210.238
MinimumVisualStudioVersion = 10.0.40219.1
Project("{9A19103F-16F7-4668-BE54-9A1E7A4F7556}") = "ParkingGarageLibrary", "ParkingGarageLibrary\ParkingGarageLibrary.csproj", "{0B5FE094-C240-4436-9952-E667290AC3C2}"
EndProject
Project("{9A19103F-16F7-4668-BE54-9A1E7A4F7556}") = "UI", "UI\UI.csproj", "{8AE928D5-9A95-4DA5-B426-562D6C8E04FB}"
	ProjectSection(ProjectDependencies) = postProject
		{83C0F71B-B38B-48A0-9DA3-D4D9C45CB5E3} = {83C0F71B-B38B-48A0-9DA3-D4D9C45CB5E3}
	EndProjectSection
EndProject
Project("{9A19103F-16F7-4668-BE54-9A1E7A4F7556}") = "DataAccess", "DataAccess\DataAccess.csproj", "{83C0F71B-B38B-48A0-9DA3-D4D9C45CB5E3}"
	ProjectSection(ProjectDependencies) = postProject
		{0B5FE094-C240-4436-9952-E667290AC3C2} = {0B5FE094-C240-4436-9952-E667290AC3C2}
	EndProjectSection
EndProject
Project("{2150E333-8FDC-42A3-9474-1A3956D46DE8}") = "Solution Items", "Solution Items", "{F43C1C60-A28A-479F-AFEA-0383E2FAA864}"
EndProject
Global
	GlobalSection(SolutionConfigurationPlatforms) = preSolution
		Debug|Any CPU = Debug|Any CPU
		Release|Any CPU = Release|Any CPU
	EndGlobalSection
	GlobalSection(ProjectConfigurationPlatforms) = postSolution
		{0B5FE094-C240-4436-9952-E667290AC3C2}.Debug|Any CPU.ActiveCfg = Debug|Any CPU
		{0B5FE094-C240-4436-9952-E667290AC3C2}.Debug|Any CPU.Build.0 = Debug|Any CPU
		{0B5FE094-C240-4436-9952-E667290AC3C2}.Release|Any CPU.ActiveCfg = Release|Any CPU
		{0B5FE094-C240-4436-9952-E667290AC3C2}.Release|Any CPU.Build.0 = Release|Any CPU
		{8AE928D5-9A95-4DA5-B426-562D6C8E04FB}.Debug|Any CPU.ActiveCfg = Debug|Any CPU
		{8AE928D5-9A95-4DA5-B426-562D6C8E04FB}.Debug|Any CPU.Build.0 = Debug|Any CPU
		{8AE928D5-9A95-4DA5-B426-562D6C8E04FB}.Release|Any CPU.ActiveCfg = Release|Any CPU
		{8AE928D5-9A95-4DA5-B426-562D6C8E04FB}.Release|Any CPU.Build.0 = Release|Any CPU
		{83C0F71B-B38B-48A0-9DA3-D4D9C45CB5E3}.Debug|Any CPU.ActiveCfg = Debug|Any CPU
		{83C0F71B-B38B-48A0-9DA3-D4D9C45CB5E3}.Debug|Any CPU.Build.0 = Debug|Any CPU
		{83C0F71B-B38B-48A0-9DA3-D4D9C45CB5E3}.Release|Any CPU.ActiveCfg = Release|Any CPU
		{83C0F71B-B38B-48A0-9DA3-D4D9C45CB5E3}.Release|Any CPU.Build.0 = Release|Any CPU
	EndGlobalSection
	GlobalSection(SolutionProperties) = preSolution
		HideSolutionNode = FALSE
	EndGlobalSection
	GlobalSection(ExtensibilityGlobals) = postSolution
		SolutionGuid = {62936581-BC9E-4398-987E-FB49A024ACFB}
	EndGlobalSection
EndGlobal
